// !$*UTF8*$!
{
	archiveVersion = 1;
	classes = {
	};
	objectVersion = 77;
	objects = {

/* Begin PBXBuildFile section */
		3E295E9D2F01D6EF008778CB /* DailyWeatherForcastTests.swift in Sources */ = {isa = PBXBuildFile; fileRef = 3E295E9C2F01D6EF008778CB /* DailyWeatherForcastTests.swift */; };
		3E295E9F2F01D8E3008778CB /* TestingUtilities.swift in Sources */ = {isa = PBXBuildFile; fileRef = 3E295E9E2F01D8E3008778CB /* TestingUtilities.swift */; };
		3E3740342EB7EC08001EA64F /* CityDataController.swift in Sources */ = {isa = PBXBuildFile; fileRef = 3E3740332EB7EC08001EA64F /* CityDataController.swift */; };
		3E3740362EB7EC7F001EA64F /* PropertyKeys.swift in Sources */ = {isa = PBXBuildFile; fileRef = 3E3740352EB7EC7F001EA64F /* PropertyKeys.swift */; };
		3E4AD7D72ED308C100C1DF14 /* AppSettingsManager.swift in Sources */ = {isa = PBXBuildFile; fileRef = 3E4AD7D62ED308C100C1DF14 /* AppSettingsManager.swift */; };
		3E516B962EC0299C00B08571 /* ModelContext+Extensions.swift in Sources */ = {isa = PBXBuildFile; fileRef = 3E516B952EC0299C00B08571 /* ModelContext+Extensions.swift */; };
		3E81B9BA2EFF6010000A795F /* TitleRow+Extension.swift in Sources */ = {isa = PBXBuildFile; fileRef = 3E81B9B92EFF6010000A795F /* TitleRow+Extension.swift */; };
		3E956B072EC80344002E10DE /* KeyChainManager+Extensions.swift in Sources */ = {isa = PBXBuildFile; fileRef = 3E956B002EC80344002E10DE /* KeyChainManager+Extensions.swift */; };
		3E956B082EC80344002E10DE /* CityDTOTests.swift in Sources */ = {isa = PBXBuildFile; fileRef = 3E956B032EC80344002E10DE /* CityDTOTests.swift */; };
		3E956B092EC80344002E10DE /* CityTests.swift in Sources */ = {isa = PBXBuildFile; fileRef = 3E956B042EC80344002E10DE /* CityTests.swift */; };
		3E956B0A2EC80344002E10DE /* UnitTestUtilities.swift in Sources */ = {isa = PBXBuildFile; fileRef = 3E956B052EC80344002E10DE /* UnitTestUtilities.swift */; };
		3E956B0B2EC80344002E10DE /* city.mock.data.json in Resources */ = {isa = PBXBuildFile; fileRef = 3E956B022EC80344002E10DE /* city.mock.data.json */; };
		3E956B122EC803C4002E10DE /* KeyChainManager.swift in Sources */ = {isa = PBXBuildFile; fileRef = 3E956B0F2EC803C4002E10DE /* KeyChainManager.swift */; };
		3E956B142EC80402002E10DE /* ReadMe.rtf in Resources */ = {isa = PBXBuildFile; fileRef = 3E956B132EC80402002E10DE /* ReadMe.rtf */; };
		3E956B172EC8045F002E10DE /* Data+Extensions.swift in Sources */ = {isa = PBXBuildFile; fileRef = 3E956B152EC8045F002E10DE /* Data+Extensions.swift */; };
		3E956B182EC8045F002E10DE /* Color+Extensions.swift in Sources */ = {isa = PBXBuildFile; fileRef = 3E956B162EC8045F002E10DE /* Color+Extensions.swift */; };
		3E956B1A2EC8049A002E10DE /* AddLocationSheet.swift in Sources */ = {isa = PBXBuildFile; fileRef = 3E956B192EC8049A002E10DE /* AddLocationSheet.swift */; };
		3E956B222EC804DC002E10DE /* AddLocationSheet+Extensions.swift in Sources */ = {isa = PBXBuildFile; fileRef = 3E956B1D2EC804DC002E10DE /* AddLocationSheet+Extensions.swift */; };
		3E956B232EC804DC002E10DE /* LocationsView.swift in Sources */ = {isa = PBXBuildFile; fileRef = 3E956B1F2EC804DC002E10DE /* LocationsView.swift */; };
		3E956B242EC804DC002E10DE /* AddCitieRowView.swift in Sources */ = {isa = PBXBuildFile; fileRef = 3E956B1E2EC804DC002E10DE /* AddCitieRowView.swift */; };
		3E956B252EC804DC002E10DE /* LocationsView+Extension.swift in Sources */ = {isa = PBXBuildFile; fileRef = 3E956B202EC804DC002E10DE /* LocationsView+Extension.swift */; };
		3E956B262EC804DC002E10DE /* LocationRowView.swift in Sources */ = {isa = PBXBuildFile; fileRef = 3E956B212EC804DC002E10DE /* LocationRowView.swift */; };
		3E956B2A2EC8050D002E10DE /* ForecastRowView.swift in Sources */ = {isa = PBXBuildFile; fileRef = 3E956B292EC8050D002E10DE /* ForecastRowView.swift */; };
		3E956B2B2EC8050D002E10DE /* ForecastView.swift in Sources */ = {isa = PBXBuildFile; fileRef = 3E956B272EC8050D002E10DE /* ForecastView.swift */; };
		3E956B2C2EC8050D002E10DE /* ForecastView+Extension.swift in Sources */ = {isa = PBXBuildFile; fileRef = 3E956B282EC8050D002E10DE /* ForecastView+Extension.swift */; };
		3E956B322EC80541002E10DE /* CurrentWeather+Extension.swift in Sources */ = {isa = PBXBuildFile; fileRef = 3E956B302EC80541002E10DE /* CurrentWeather+Extension.swift */; };
		3E956B332EC80541002E10DE /* CurrentWeatherView.swift in Sources */ = {isa = PBXBuildFile; fileRef = 3E956B2F2EC80541002E10DE /* CurrentWeatherView.swift */; };
		3E956B382EC8054D002E10DE /* DayWeatherView.swift in Sources */ = {isa = PBXBuildFile; fileRef = 3E956B352EC8054D002E10DE /* DayWeatherView.swift */; };
		3E956B392EC8054D002E10DE /* DayWeather+Extension.swift in Sources */ = {isa = PBXBuildFile; fileRef = 3E956B362EC8054D002E10DE /* DayWeather+Extension.swift */; };
		3E956B3F2EC8055A002E10DE /* WeekWeather+Extension.swift in Sources */ = {isa = PBXBuildFile; fileRef = 3E956B3B2EC8055A002E10DE /* WeekWeather+Extension.swift */; };
		3E956B402EC8055A002E10DE /* WeatherRowView.swift in Sources */ = {isa = PBXBuildFile; fileRef = 3E956B3C2EC8055A002E10DE /* WeatherRowView.swift */; };
		3E956B412EC8055A002E10DE /* WeatherRowView+Extension.swift in Sources */ = {isa = PBXBuildFile; fileRef = 3E956B3D2EC8055A002E10DE /* WeatherRowView+Extension.swift */; };
		3E956B422EC8055A002E10DE /* WeekWeatherView.swift in Sources */ = {isa = PBXBuildFile; fileRef = 3E956B3A2EC8055A002E10DE /* WeekWeatherView.swift */; };
		3E956B452EC80596002E10DE /* URL+Extensions.swift in Sources */ = {isa = PBXBuildFile; fileRef = 3E956B442EC80596002E10DE /* URL+Extensions.swift */; };
		3E956B462EC80596002E10DE /* Date+Extensions.swift in Sources */ = {isa = PBXBuildFile; fileRef = 3E956B432EC80596002E10DE /* Date+Extensions.swift */; };
		3E956B492EC80643002E10DE /* Shimmer.swift in Sources */ = {isa = PBXBuildFile; fileRef = 3E956B472EC80643002E10DE /* Shimmer.swift */; };
		3E956B4B2EC8066C002E10DE /* APIKeyPromptSheet.swift in Sources */ = {isa = PBXBuildFile; fileRef = 3E956B4A2EC8066C002E10DE /* APIKeyPromptSheet.swift */; };
		3E956B4D2EC80670002E10DE /* AlertButton.swift in Sources */ = {isa = PBXBuildFile; fileRef = 3E956B4C2EC80670002E10DE /* AlertButton.swift */; };
		3E956B522EC80689002E10DE /* TagButton.swift in Sources */ = {isa = PBXBuildFile; fileRef = 3E956B4E2EC80689002E10DE /* TagButton.swift */; };
		3E956B532EC80689002E10DE /* TitleRow.swift in Sources */ = {isa = PBXBuildFile; fileRef = 3E956B4F2EC80689002E10DE /* TitleRow.swift */; };
		3E956B542EC80689002E10DE /* ToolBarButton.swift in Sources */ = {isa = PBXBuildFile; fileRef = 3E956B502EC80689002E10DE /* ToolBarButton.swift */; };
		3E956B552EC80689002E10DE /* WeatherImageView.swift in Sources */ = {isa = PBXBuildFile; fileRef = 3E956B512EC80689002E10DE /* WeatherImageView.swift */; };
		3EAF3F742EB5A89400E559DE /* WeatherObservationDTO.swift in Sources */ = {isa = PBXBuildFile; fileRef = 3EAF3F6B2EB5A89400E559DE /* WeatherObservationDTO.swift */; };
		3EAF3F752EB5A89400E559DE /* WeatherResponseDTO.swift in Sources */ = {isa = PBXBuildFile; fileRef = 3EAF3F6C2EB5A89400E559DE /* WeatherResponseDTO.swift */; };
		3EAF3F762EB5A89400E559DE /* ContentView.swift in Sources */ = {isa = PBXBuildFile; fileRef = 3EAF3F6F2EB5A89400E559DE /* ContentView.swift */; };
		3EAF3F772EB5A89400E559DE /* DailyWeatherForecastDTO.swift in Sources */ = {isa = PBXBuildFile; fileRef = 3EAF3F702EB5A89400E559DE /* DailyWeatherForecastDTO.swift */; };
		3EAF3F792EB5A89400E559DE /* Weather_SatApp.swift in Sources */ = {isa = PBXBuildFile; fileRef = 3EAF3F722EB5A89400E559DE /* Weather_SatApp.swift */; };
		3EAF3F7A2EB5A89400E559DE /* Assets.xcassets in Resources */ = {isa = PBXBuildFile; fileRef = 3EAF3F6E2EB5A89400E559DE /* Assets.xcassets */; };
		3EAF3F7C2EB5A8F700E559DE /* Location.swift in Sources */ = {isa = PBXBuildFile; fileRef = 3EAF3F7B2EB5A8F700E559DE /* Location.swift */; };
		3EAF3F7E2EB5A9A400E559DE /* LocationDTO.swift in Sources */ = {isa = PBXBuildFile; fileRef = 3EAF3F7D2EB5A9A400E559DE /* LocationDTO.swift */; };
		3EAF3F802EB5B54400E559DE /* WeatherObervation.swift in Sources */ = {isa = PBXBuildFile; fileRef = 3EAF3F7F2EB5B54400E559DE /* WeatherObervation.swift */; };
		3EAF3F822EB5B75600E559DE /* WeatherResponse.swift in Sources */ = {isa = PBXBuildFile; fileRef = 3EAF3F812EB5B75600E559DE /* WeatherResponse.swift */; };
		3EAF3F842EB5B90400E559DE /* DailyWeatherForcast.swift in Sources */ = {isa = PBXBuildFile; fileRef = 3EAF3F832EB5B90400E559DE /* DailyWeatherForcast.swift */; };
		3EAF3F892EB5C0A800E559DE /* city.list.json in Resources */ = {isa = PBXBuildFile; fileRef = 3EAF3F882EB5C0A800E559DE /* city.list.json */; };
		3EAF3F8B2EB5CB3E00E559DE /* City.swift in Sources */ = {isa = PBXBuildFile; fileRef = 3EAF3F8A2EB5CB3E00E559DE /* City.swift */; };
		3EAF3F8D2EB5CB6A00E559DE /* CityDTO.swift in Sources */ = {isa = PBXBuildFile; fileRef = 3EAF3F8C2EB5CB6A00E559DE /* CityDTO.swift */; };
		3EB15A352EFB3CC300943E08 /* Favourite.swift in Sources */ = {isa = PBXBuildFile; fileRef = 3EB15A342EFB3CC300943E08 /* Favourite.swift */; };
		3EB326F12F03299700E4C004 /* LocationTests.swift in Sources */ = {isa = PBXBuildFile; fileRef = 3EB326F02F03299700E4C004 /* LocationTests.swift */; };
		3EB326F32F032EF300E4C004 /* WeatherObservationTests.swift in Sources */ = {isa = PBXBuildFile; fileRef = 3EB326F22F032EF300E4C004 /* WeatherObservationTests.swift */; };
		3EB326F52F03353400E4C004 /* WeatherResponseTests.swift in Sources */ = {isa = PBXBuildFile; fileRef = 3EB326F42F03353400E4C004 /* WeatherResponseTests.swift */; };
		3EB326F72F0339A100E4C004 /* FavouriteTests.swift in Sources */ = {isa = PBXBuildFile; fileRef = 3EB326F62F0339A100E4C004 /* FavouriteTests.swift */; };
		3EDD61FA2EC7DA6200B51A58 /* Cities_SwiffData.sqlite-wal in Resources */ = {isa = PBXBuildFile; fileRef = 3EDD61F92EC7DA6200B51A58 /* Cities_SwiffData.sqlite-wal */; };
		3EDD61FB2EC7DA6200B51A58 /* Cities_SwiffData.sqlite in Resources */ = {isa = PBXBuildFile; fileRef = 3EDD61F72EC7DA6200B51A58 /* Cities_SwiffData.sqlite */; };
		3EDD61FC2EC7DA6200B51A58 /* Cities_SwiffData.sqlite-shm in Resources */ = {isa = PBXBuildFile; fileRef = 3EDD61F82EC7DA6200B51A58 /* Cities_SwiffData.sqlite-shm */; };
		3EE292752ED4E41300CA8C26 /* AppSettingsManagerTests.swift in Sources */ = {isa = PBXBuildFile; fileRef = 3EE292742ED4E41300CA8C26 /* AppSettingsManagerTests.swift */; };
		3EEA8BC12EC80CC000663BD6 /* OpenWeatherService.swift in Sources */ = {isa = PBXBuildFile; fileRef = 3EEA8BC02EC80CC000663BD6 /* OpenWeatherService.swift */; };
/* End PBXBuildFile section */

/* Begin PBXContainerItemProxy section */
		3EAF3F462EB5773600E559DE /* PBXContainerItemProxy */ = {
			isa = PBXContainerItemProxy;
			containerPortal = 3EAF3F2E2EB5773500E559DE /* Project object */;
			proxyType = 1;
			remoteGlobalIDString = 3EAF3F352EB5773500E559DE;
			remoteInfo = "Weather Sat";
		};
		3EAF3F502EB5773600E559DE /* PBXContainerItemProxy */ = {
			isa = PBXContainerItemProxy;
			containerPortal = 3EAF3F2E2EB5773500E559DE /* Project object */;
			proxyType = 1;
			remoteGlobalIDString = 3EAF3F352EB5773500E559DE;
			remoteInfo = "Weather Sat";
		};
/* End PBXContainerItemProxy section */

/* Begin PBXFileReference section */
		3E295E9C2F01D6EF008778CB /* DailyWeatherForcastTests.swift */ = {isa = PBXFileReference; lastKnownFileType = sourcecode.swift; path = DailyWeatherForcastTests.swift; sourceTree = "<group>"; };
		3E295E9E2F01D8E3008778CB /* TestingUtilities.swift */ = {isa = PBXFileReference; lastKnownFileType = sourcecode.swift; path = TestingUtilities.swift; sourceTree = "<group>"; };
		3E3740332EB7EC08001EA64F /* CityDataController.swift */ = {isa = PBXFileReference; lastKnownFileType = sourcecode.swift; path = CityDataController.swift; sourceTree = "<group>"; };
		3E3740352EB7EC7F001EA64F /* PropertyKeys.swift */ = {isa = PBXFileReference; lastKnownFileType = sourcecode.swift; path = PropertyKeys.swift; sourceTree = "<group>"; };
		3E4AD7D62ED308C100C1DF14 /* AppSettingsManager.swift */ = {isa = PBXFileReference; lastKnownFileType = sourcecode.swift; path = AppSettingsManager.swift; sourceTree = "<group>"; };
		3E516B952EC0299C00B08571 /* ModelContext+Extensions.swift */ = {isa = PBXFileReference; lastKnownFileType = sourcecode.swift; path = "ModelContext+Extensions.swift"; sourceTree = "<group>"; };
		3E81B9B92EFF6010000A795F /* TitleRow+Extension.swift */ = {isa = PBXFileReference; lastKnownFileType = sourcecode.swift; path = "TitleRow+Extension.swift"; sourceTree = "<group>"; };
		3E956B002EC80344002E10DE /* KeyChainManager+Extensions.swift */ = {isa = PBXFileReference; lastKnownFileType = sourcecode.swift; path = "KeyChainManager+Extensions.swift"; sourceTree = "<group>"; };
		3E956B022EC80344002E10DE /* city.mock.data.json */ = {isa = PBXFileReference; lastKnownFileType = text.json; path = city.mock.data.json; sourceTree = "<group>"; };
		3E956B032EC80344002E10DE /* CityDTOTests.swift */ = {isa = PBXFileReference; lastKnownFileType = sourcecode.swift; path = CityDTOTests.swift; sourceTree = "<group>"; };
		3E956B042EC80344002E10DE /* CityTests.swift */ = {isa = PBXFileReference; lastKnownFileType = sourcecode.swift; path = CityTests.swift; sourceTree = "<group>"; };
		3E956B052EC80344002E10DE /* UnitTestUtilities.swift */ = {isa = PBXFileReference; lastKnownFileType = sourcecode.swift; path = UnitTestUtilities.swift; sourceTree = "<group>"; };
		3E956B0F2EC803C4002E10DE /* KeyChainManager.swift */ = {isa = PBXFileReference; lastKnownFileType = sourcecode.swift; path = KeyChainManager.swift; sourceTree = "<group>"; };
		3E956B132EC80402002E10DE /* ReadMe.rtf */ = {isa = PBXFileReference; lastKnownFileType = text.rtf; path = ReadMe.rtf; sourceTree = "<group>"; };
		3E956B152EC8045F002E10DE /* Data+Extensions.swift */ = {isa = PBXFileReference; lastKnownFileType = sourcecode.swift; path = "Data+Extensions.swift"; sourceTree = "<group>"; };
		3E956B162EC8045F002E10DE /* Color+Extensions.swift */ = {isa = PBXFileReference; lastKnownFileType = sourcecode.swift; path = "Color+Extensions.swift"; sourceTree = "<group>"; };
		3E956B192EC8049A002E10DE /* AddLocationSheet.swift */ = {isa = PBXFileReference; lastKnownFileType = sourcecode.swift; path = AddLocationSheet.swift; sourceTree = "<group>"; };
		3E956B1D2EC804DC002E10DE /* AddLocationSheet+Extensions.swift */ = {isa = PBXFileReference; lastKnownFileType = sourcecode.swift; path = "AddLocationSheet+Extensions.swift"; sourceTree = "<group>"; };
		3E956B1E2EC804DC002E10DE /* AddCitieRowView.swift */ = {isa = PBXFileReference; lastKnownFileType = sourcecode.swift; path = AddCitieRowView.swift; sourceTree = "<group>"; };
		3E956B1F2EC804DC002E10DE /* LocationsView.swift */ = {isa = PBXFileReference; lastKnownFileType = sourcecode.swift; path = LocationsView.swift; sourceTree = "<group>"; };
		3E956B202EC804DC002E10DE /* LocationsView+Extension.swift */ = {isa = PBXFileReference; lastKnownFileType = sourcecode.swift; path = "LocationsView+Extension.swift"; sourceTree = "<group>"; };
		3E956B212EC804DC002E10DE /* LocationRowView.swift */ = {isa = PBXFileReference; lastKnownFileType = sourcecode.swift; path = LocationRowView.swift; sourceTree = "<group>"; };
		3E956B272EC8050D002E10DE /* ForecastView.swift */ = {isa = PBXFileReference; lastKnownFileType = sourcecode.swift; path = ForecastView.swift; sourceTree = "<group>"; };
		3E956B282EC8050D002E10DE /* ForecastView+Extension.swift */ = {isa = PBXFileReference; lastKnownFileType = sourcecode.swift; path = "ForecastView+Extension.swift"; sourceTree = "<group>"; };
		3E956B292EC8050D002E10DE /* ForecastRowView.swift */ = {isa = PBXFileReference; lastKnownFileType = sourcecode.swift; path = ForecastRowView.swift; sourceTree = "<group>"; };
		3E956B2F2EC80541002E10DE /* CurrentWeatherView.swift */ = {isa = PBXFileReference; lastKnownFileType = sourcecode.swift; path = CurrentWeatherView.swift; sourceTree = "<group>"; };
		3E956B302EC80541002E10DE /* CurrentWeather+Extension.swift */ = {isa = PBXFileReference; lastKnownFileType = sourcecode.swift; path = "CurrentWeather+Extension.swift"; sourceTree = "<group>"; };
		3E956B352EC8054D002E10DE /* DayWeatherView.swift */ = {isa = PBXFileReference; lastKnownFileType = sourcecode.swift; path = DayWeatherView.swift; sourceTree = "<group>"; };
		3E956B362EC8054D002E10DE /* DayWeather+Extension.swift */ = {isa = PBXFileReference; lastKnownFileType = sourcecode.swift; path = "DayWeather+Extension.swift"; sourceTree = "<group>"; };
		3E956B3A2EC8055A002E10DE /* WeekWeatherView.swift */ = {isa = PBXFileReference; lastKnownFileType = sourcecode.swift; path = WeekWeatherView.swift; sourceTree = "<group>"; };
		3E956B3B2EC8055A002E10DE /* WeekWeather+Extension.swift */ = {isa = PBXFileReference; lastKnownFileType = sourcecode.swift; path = "WeekWeather+Extension.swift"; sourceTree = "<group>"; };
		3E956B3C2EC8055A002E10DE /* WeatherRowView.swift */ = {isa = PBXFileReference; lastKnownFileType = sourcecode.swift; path = WeatherRowView.swift; sourceTree = "<group>"; };
		3E956B3D2EC8055A002E10DE /* WeatherRowView+Extension.swift */ = {isa = PBXFileReference; lastKnownFileType = sourcecode.swift; path = "WeatherRowView+Extension.swift"; sourceTree = "<group>"; };
		3E956B432EC80596002E10DE /* Date+Extensions.swift */ = {isa = PBXFileReference; lastKnownFileType = sourcecode.swift; path = "Date+Extensions.swift"; sourceTree = "<group>"; };
		3E956B442EC80596002E10DE /* URL+Extensions.swift */ = {isa = PBXFileReference; lastKnownFileType = sourcecode.swift; path = "URL+Extensions.swift"; sourceTree = "<group>"; };
		3E956B472EC80643002E10DE /* Shimmer.swift */ = {isa = PBXFileReference; lastKnownFileType = sourcecode.swift; path = Shimmer.swift; sourceTree = "<group>"; };
		3E956B4A2EC8066C002E10DE /* APIKeyPromptSheet.swift */ = {isa = PBXFileReference; lastKnownFileType = sourcecode.swift; path = APIKeyPromptSheet.swift; sourceTree = "<group>"; };
		3E956B4C2EC80670002E10DE /* AlertButton.swift */ = {isa = PBXFileReference; lastKnownFileType = sourcecode.swift; path = AlertButton.swift; sourceTree = "<group>"; };
		3E956B4E2EC80689002E10DE /* TagButton.swift */ = {isa = PBXFileReference; lastKnownFileType = sourcecode.swift; path = TagButton.swift; sourceTree = "<group>"; };
		3E956B4F2EC80689002E10DE /* TitleRow.swift */ = {isa = PBXFileReference; lastKnownFileType = sourcecode.swift; path = TitleRow.swift; sourceTree = "<group>"; };
		3E956B502EC80689002E10DE /* ToolBarButton.swift */ = {isa = PBXFileReference; lastKnownFileType = sourcecode.swift; path = ToolBarButton.swift; sourceTree = "<group>"; };
		3E956B512EC80689002E10DE /* WeatherImageView.swift */ = {isa = PBXFileReference; lastKnownFileType = sourcecode.swift; path = WeatherImageView.swift; sourceTree = "<group>"; };
		3EAF3F362EB5773500E559DE /* Weather Sat.app */ = {isa = PBXFileReference; explicitFileType = wrapper.application; includeInIndex = 0; path = "Weather Sat.app"; sourceTree = BUILT_PRODUCTS_DIR; };
		3EAF3F452EB5773600E559DE /* Weather SatTests.xctest */ = {isa = PBXFileReference; explicitFileType = wrapper.cfbundle; includeInIndex = 0; path = "Weather SatTests.xctest"; sourceTree = BUILT_PRODUCTS_DIR; };
		3EAF3F4F2EB5773600E559DE /* Weather SatUITests.xctest */ = {isa = PBXFileReference; explicitFileType = wrapper.cfbundle; includeInIndex = 0; path = "Weather SatUITests.xctest"; sourceTree = BUILT_PRODUCTS_DIR; };
		3EAF3F6B2EB5A89400E559DE /* WeatherObservationDTO.swift */ = {isa = PBXFileReference; lastKnownFileType = sourcecode.swift; path = WeatherObservationDTO.swift; sourceTree = "<group>"; };
		3EAF3F6C2EB5A89400E559DE /* WeatherResponseDTO.swift */ = {isa = PBXFileReference; lastKnownFileType = sourcecode.swift; path = WeatherResponseDTO.swift; sourceTree = "<group>"; };
		3EAF3F6E2EB5A89400E559DE /* Assets.xcassets */ = {isa = PBXFileReference; lastKnownFileType = folder.assetcatalog; path = Assets.xcassets; sourceTree = "<group>"; };
		3EAF3F6F2EB5A89400E559DE /* ContentView.swift */ = {isa = PBXFileReference; lastKnownFileType = sourcecode.swift; path = ContentView.swift; sourceTree = "<group>"; };
		3EAF3F702EB5A89400E559DE /* DailyWeatherForecastDTO.swift */ = {isa = PBXFileReference; lastKnownFileType = sourcecode.swift; path = DailyWeatherForecastDTO.swift; sourceTree = "<group>"; };
		3EAF3F722EB5A89400E559DE /* Weather_SatApp.swift */ = {isa = PBXFileReference; lastKnownFileType = sourcecode.swift; path = Weather_SatApp.swift; sourceTree = "<group>"; };
		3EAF3F7B2EB5A8F700E559DE /* Location.swift */ = {isa = PBXFileReference; lastKnownFileType = sourcecode.swift; path = Location.swift; sourceTree = "<group>"; };
		3EAF3F7D2EB5A9A400E559DE /* LocationDTO.swift */ = {isa = PBXFileReference; lastKnownFileType = sourcecode.swift; path = LocationDTO.swift; sourceTree = "<group>"; };
		3EAF3F7F2EB5B54400E559DE /* WeatherObervation.swift */ = {isa = PBXFileReference; lastKnownFileType = sourcecode.swift; path = WeatherObervation.swift; sourceTree = "<group>"; };
		3EAF3F812EB5B75600E559DE /* WeatherResponse.swift */ = {isa = PBXFileReference; lastKnownFileType = sourcecode.swift; path = WeatherResponse.swift; sourceTree = "<group>"; };
		3EAF3F832EB5B90400E559DE /* DailyWeatherForcast.swift */ = {isa = PBXFileReference; lastKnownFileType = sourcecode.swift; path = DailyWeatherForcast.swift; sourceTree = "<group>"; };
		3EAF3F882EB5C0A800E559DE /* city.list.json */ = {isa = PBXFileReference; lastKnownFileType = text.json; path = city.list.json; sourceTree = "<group>"; };
		3EAF3F8A2EB5CB3E00E559DE /* City.swift */ = {isa = PBXFileReference; lastKnownFileType = sourcecode.swift; path = City.swift; sourceTree = "<group>"; };
		3EAF3F8C2EB5CB6A00E559DE /* CityDTO.swift */ = {isa = PBXFileReference; lastKnownFileType = sourcecode.swift; path = CityDTO.swift; sourceTree = "<group>"; };
		3EB15A342EFB3CC300943E08 /* Favourite.swift */ = {isa = PBXFileReference; lastKnownFileType = sourcecode.swift; path = Favourite.swift; sourceTree = "<group>"; };
		3EB326F02F03299700E4C004 /* LocationTests.swift */ = {isa = PBXFileReference; lastKnownFileType = sourcecode.swift; path = LocationTests.swift; sourceTree = "<group>"; };
		3EB326F22F032EF300E4C004 /* WeatherObservationTests.swift */ = {isa = PBXFileReference; lastKnownFileType = sourcecode.swift; path = WeatherObservationTests.swift; sourceTree = "<group>"; };
		3EB326F42F03353400E4C004 /* WeatherResponseTests.swift */ = {isa = PBXFileReference; lastKnownFileType = sourcecode.swift; path = WeatherResponseTests.swift; sourceTree = "<group>"; };
		3EB326F62F0339A100E4C004 /* FavouriteTests.swift */ = {isa = PBXFileReference; lastKnownFileType = sourcecode.swift; path = FavouriteTests.swift; sourceTree = "<group>"; };
		3EDD61F72EC7DA6200B51A58 /* Cities_SwiffData.sqlite */ = {isa = PBXFileReference; lastKnownFileType = file; path = Cities_SwiffData.sqlite; sourceTree = "<group>"; };
		3EDD61F82EC7DA6200B51A58 /* Cities_SwiffData.sqlite-shm */ = {isa = PBXFileReference; lastKnownFileType = file; path = "Cities_SwiffData.sqlite-shm"; sourceTree = "<group>"; };
		3EDD61F92EC7DA6200B51A58 /* Cities_SwiffData.sqlite-wal */ = {isa = PBXFileReference; lastKnownFileType = text; path = "Cities_SwiffData.sqlite-wal"; sourceTree = "<group>"; };
		3EE292742ED4E41300CA8C26 /* AppSettingsManagerTests.swift */ = {isa = PBXFileReference; lastKnownFileType = sourcecode.swift; path = AppSettingsManagerTests.swift; sourceTree = "<group>"; };
		3EEA8BC02EC80CC000663BD6 /* OpenWeatherService.swift */ = {isa = PBXFileReference; lastKnownFileType = sourcecode.swift; path = OpenWeatherService.swift; sourceTree = "<group>"; };
/* End PBXFileReference section */

/* Begin PBXFileSystemSynchronizedRootGroup section */
		3EAF3F522EB5773600E559DE /* Weather SatUITests */ = {
			isa = PBXFileSystemSynchronizedRootGroup;
			path = "Weather SatUITests";
			sourceTree = "<group>";
		};
/* End PBXFileSystemSynchronizedRootGroup section */

/* Begin PBXFrameworksBuildPhase section */
		3EAF3F332EB5773500E559DE /* Frameworks */ = {
			isa = PBXFrameworksBuildPhase;
			buildActionMask = 2147483647;
			files = (
			);
			runOnlyForDeploymentPostprocessing = 0;
		};
		3EAF3F422EB5773600E559DE /* Frameworks */ = {
			isa = PBXFrameworksBuildPhase;
			buildActionMask = 2147483647;
			files = (
			);
			runOnlyForDeploymentPostprocessing = 0;
		};
		3EAF3F4C2EB5773600E559DE /* Frameworks */ = {
			isa = PBXFrameworksBuildPhase;
			buildActionMask = 2147483647;
			files = (
			);
			runOnlyForDeploymentPostprocessing = 0;
		};
/* End PBXFrameworksBuildPhase section */

/* Begin PBXGroup section */
		3E295E9B2F010DB1008778CB /* Modles */ = {
			isa = PBXGroup;
			children = (
				3E956B022EC80344002E10DE /* city.mock.data.json */,
				3E956B032EC80344002E10DE /* CityDTOTests.swift */,
				3E956B042EC80344002E10DE /* CityTests.swift */,
				3E295E9C2F01D6EF008778CB /* DailyWeatherForcastTests.swift */,
				3EB326F62F0339A100E4C004 /* FavouriteTests.swift */,
				3EB326F02F03299700E4C004 /* LocationTests.swift */,
				3EB326F22F032EF300E4C004 /* WeatherObservationTests.swift */,
				3EB326F42F03353400E4C004 /* WeatherResponseTests.swift */,
			);
			path = Modles;
			sourceTree = "<group>";
		};
		3E37402F2EB7EB73001EA64F /* SeededData */ = {
			isa = PBXGroup;
			children = (
				3EDD61F72EC7DA6200B51A58 /* Cities_SwiffData.sqlite */,
				3EDD61F82EC7DA6200B51A58 /* Cities_SwiffData.sqlite-shm */,
				3EDD61F92EC7DA6200B51A58 /* Cities_SwiffData.sqlite-wal */,
				3E3740332EB7EC08001EA64F /* CityDataController.swift */,
				3EAF3F882EB5C0A800E559DE /* city.list.json */,
			);
			path = SeededData;
			sourceTree = "<group>";
		};
		3E516B942EC0294F00B08571 /* Extensions */ = {
			isa = PBXGroup;
			children = (
				3E956B162EC8045F002E10DE /* Color+Extensions.swift */,
				3E956B432EC80596002E10DE /* Date+Extensions.swift */,
				3E956B152EC8045F002E10DE /* Data+Extensions.swift */,
				3E516B952EC0299C00B08571 /* ModelContext+Extensions.swift */,
				3E956B442EC80596002E10DE /* URL+Extensions.swift */,
			);
			path = Extensions;
			sourceTree = "<group>";
		};
		3E516B992EC043C900B08571 /* UiComponents */ = {
			isa = PBXGroup;
			children = (
				3E956B4A2EC8066C002E10DE /* APIKeyPromptSheet.swift */,
				3E956B4C2EC80670002E10DE /* AlertButton.swift */,
				3E956B4E2EC80689002E10DE /* TagButton.swift */,
				3E81B9B82EFF5FF7000A795F /* TitleRpw */,
				3E956B502EC80689002E10DE /* ToolBarButton.swift */,
				3E956B512EC80689002E10DE /* WeatherImageView.swift */,
			);
			path = UiComponents;
			sourceTree = "<group>";
		};
		3E81B9B82EFF5FF7000A795F /* TitleRpw */ = {
			isa = PBXGroup;
			children = (
				3E956B4F2EC80689002E10DE /* TitleRow.swift */,
				3E81B9B92EFF6010000A795F /* TitleRow+Extension.swift */,
			);
			path = TitleRpw;
			sourceTree = "<group>";
		};
		3E956B012EC80344002E10DE /* Foundation */ = {
			isa = PBXGroup;
			children = (
				3E956B0C2EC80361002E10DE /* Utilities */,
			);
			path = Foundation;
			sourceTree = "<group>";
		};
		3E956B062EC80344002E10DE /* Weather SatTests */ = {
			isa = PBXGroup;
			children = (
				3E295E9B2F010DB1008778CB /* Modles */,
				3E956B012EC80344002E10DE /* Foundation */,
				3E295E9E2F01D8E3008778CB /* TestingUtilities.swift */,
			);
			path = "Weather SatTests";
			sourceTree = "<group>";
		};
		3E956B0C2EC80361002E10DE /* Utilities */ = {
			isa = PBXGroup;
			children = (
				3EE292742ED4E41300CA8C26 /* AppSettingsManagerTests.swift */,
				3E956B002EC80344002E10DE /* KeyChainManager+Extensions.swift */,
				3E956B052EC80344002E10DE /* UnitTestUtilities.swift */,
			);
			path = Utilities;
			sourceTree = "<group>";
		};
		3E956B102EC803C4002E10DE /* Utilities */ = {
			isa = PBXGroup;
			children = (
				3E4AD7D62ED308C100C1DF14 /* AppSettingsManager.swift */,
				3E956B0F2EC803C4002E10DE /* KeyChainManager.swift */,
				3E3740352EB7EC7F001EA64F /* PropertyKeys.swift */,
			);
			path = Utilities;
			sourceTree = "<group>";
		};
		3E956B112EC803C4002E10DE /* Foundation */ = {
			isa = PBXGroup;
			children = (
				3E516B942EC0294F00B08571 /* Extensions */,
				3E956B102EC803C4002E10DE /* Utilities */,
				3EAF3F852EB5C05D00E559DE /* Services */,
			);
			path = Foundation;
			sourceTree = "<group>";
		};
		3E956B1B2EC804A3002E10DE /* Location */ = {
			isa = PBXGroup;
			children = (
				3E956B192EC8049A002E10DE /* AddLocationSheet.swift */,
				3E956B1D2EC804DC002E10DE /* AddLocationSheet+Extensions.swift */,
				3E956B1E2EC804DC002E10DE /* AddCitieRowView.swift */,
				3E956B1F2EC804DC002E10DE /* LocationsView.swift */,
				3E956B202EC804DC002E10DE /* LocationsView+Extension.swift */,
				3E956B212EC804DC002E10DE /* LocationRowView.swift */,
			);
			path = Location;
			sourceTree = "<group>";
		};
		3E956B1C2EC804B4002E10DE /* Views */ = {
			isa = PBXGroup;
			children = (
				3E956B482EC80643002E10DE /* ViewModifiers */,
				3E516B992EC043C900B08571 /* UiComponents */,
				3E956B312EC80541002E10DE /* Current Weather */,
				3E956B372EC8054D002E10DE /* DayWeather */,
				3E956B2D2EC80511002E10DE /* Forecast */,
				3E956B1B2EC804A3002E10DE /* Location */,
				3E956B3E2EC8055A002E10DE /* WeekWeather */,
			);
			path = Views;
			sourceTree = "<group>";
		};
		3E956B2D2EC80511002E10DE /* Forecast */ = {
			isa = PBXGroup;
			children = (
				3E956B272EC8050D002E10DE /* ForecastView.swift */,
				3E956B282EC8050D002E10DE /* ForecastView+Extension.swift */,
				3E956B292EC8050D002E10DE /* ForecastRowView.swift */,
			);
			path = Forecast;
			sourceTree = "<group>";
		};
		3E956B312EC80541002E10DE /* Current Weather */ = {
			isa = PBXGroup;
			children = (
				3E956B2F2EC80541002E10DE /* CurrentWeatherView.swift */,
				3E956B302EC80541002E10DE /* CurrentWeather+Extension.swift */,
			);
			path = "Current Weather";
			sourceTree = "<group>";
		};
		3E956B372EC8054D002E10DE /* DayWeather */ = {
			isa = PBXGroup;
			children = (
				3E956B352EC8054D002E10DE /* DayWeatherView.swift */,
				3E956B362EC8054D002E10DE /* DayWeather+Extension.swift */,
			);
			path = DayWeather;
			sourceTree = "<group>";
		};
		3E956B3E2EC8055A002E10DE /* WeekWeather */ = {
			isa = PBXGroup;
			children = (
				3E956B3A2EC8055A002E10DE /* WeekWeatherView.swift */,
				3E956B3B2EC8055A002E10DE /* WeekWeather+Extension.swift */,
				3E956B3C2EC8055A002E10DE /* WeatherRowView.swift */,
				3E956B3D2EC8055A002E10DE /* WeatherRowView+Extension.swift */,
			);
			path = WeekWeather;
			sourceTree = "<group>";
		};
		3E956B482EC80643002E10DE /* ViewModifiers */ = {
			isa = PBXGroup;
			children = (
				3E956B472EC80643002E10DE /* Shimmer.swift */,
			);
			path = ViewModifiers;
			sourceTree = "<group>";
		};
		3EAF3F2D2EB5773500E559DE = {
			isa = PBXGroup;
			children = (
				3EAF3F372EB5773500E559DE /* Products */,
				3EAF3F732EB5A89400E559DE /* Weather Sat */,
				3E956B062EC80344002E10DE /* Weather SatTests */,
				3EAF3F522EB5773600E559DE /* Weather SatUITests */,
			);
			sourceTree = "<group>";
		};
		3EAF3F372EB5773500E559DE /* Products */ = {
			isa = PBXGroup;
			children = (
				3EAF3F362EB5773500E559DE /* Weather Sat.app */,
				3EAF3F452EB5773600E559DE /* Weather SatTests.xctest */,
				3EAF3F4F2EB5773600E559DE /* Weather SatUITests.xctest */,
			);
			name = Products;
			sourceTree = "<group>";
		};
		3EAF3F6D2EB5A89400E559DE /* Models */ = {
			isa = PBXGroup;
			children = (
				3EAF3F8A2EB5CB3E00E559DE /* City.swift */,
				3EAF3F8C2EB5CB6A00E559DE /* CityDTO.swift */,
				3EAF3F832EB5B90400E559DE /* DailyWeatherForcast.swift */,
				3EAF3F702EB5A89400E559DE /* DailyWeatherForecastDTO.swift */,
				3EB15A342EFB3CC300943E08 /* Favourite.swift */,
				3EAF3F7B2EB5A8F700E559DE /* Location.swift */,
				3EAF3F7D2EB5A9A400E559DE /* LocationDTO.swift */,
				3EAF3F7F2EB5B54400E559DE /* WeatherObervation.swift */,
				3EAF3F6B2EB5A89400E559DE /* WeatherObservationDTO.swift */,
				3EAF3F812EB5B75600E559DE /* WeatherResponse.swift */,
				3EAF3F6C2EB5A89400E559DE /* WeatherResponseDTO.swift */,
				3E37402F2EB7EB73001EA64F /* SeededData */,
			);
			path = Models;
			sourceTree = "<group>";
		};
		3EAF3F732EB5A89400E559DE /* Weather Sat */ = {
			isa = PBXGroup;
			children = (
				3EAF3F722EB5A89400E559DE /* Weather_SatApp.swift */,
				3EAF3F6F2EB5A89400E559DE /* ContentView.swift */,
				3EAF3F6E2EB5A89400E559DE /* Assets.xcassets */,
				3E956B132EC80402002E10DE /* ReadMe.rtf */,
				3E956B112EC803C4002E10DE /* Foundation */,
				3EAF3F6D2EB5A89400E559DE /* Models */,
				3E956B1C2EC804B4002E10DE /* Views */,
			);
			path = "Weather Sat";
			sourceTree = "<group>";
		};
		3EAF3F852EB5C05D00E559DE /* Services */ = {
			isa = PBXGroup;
			children = (
				3EEA8BC02EC80CC000663BD6 /* OpenWeatherService.swift */,
			);
			path = Services;
			sourceTree = "<group>";
		};
/* End PBXGroup section */

/* Begin PBXNativeTarget section */
		3EAF3F352EB5773500E559DE /* Weather Sat */ = {
			isa = PBXNativeTarget;
			buildConfigurationList = 3EAF3F592EB5773600E559DE /* Build configuration list for PBXNativeTarget "Weather Sat" */;
			buildPhases = (
				3EAF3F322EB5773500E559DE /* Sources */,
				3EAF3F332EB5773500E559DE /* Frameworks */,
				3EAF3F342EB5773500E559DE /* Resources */,
			);
			buildRules = (
			);
			dependencies = (
			);
			name = "Weather Sat";
			packageProductDependencies = (
			);
			productName = "Weather Sat";
			productReference = 3EAF3F362EB5773500E559DE /* Weather Sat.app */;
			productType = "com.apple.product-type.application";
		};
		3EAF3F442EB5773600E559DE /* Weather SatTests */ = {
			isa = PBXNativeTarget;
			buildConfigurationList = 3EAF3F5C2EB5773600E559DE /* Build configuration list for PBXNativeTarget "Weather SatTests" */;
			buildPhases = (
				3EAF3F412EB5773600E559DE /* Sources */,
				3EAF3F422EB5773600E559DE /* Frameworks */,
				3EAF3F432EB5773600E559DE /* Resources */,
			);
			buildRules = (
			);
			dependencies = (
				3EAF3F472EB5773600E559DE /* PBXTargetDependency */,
			);
			name = "Weather SatTests";
			packageProductDependencies = (
			);
			productName = "Weather SatTests";
			productReference = 3EAF3F452EB5773600E559DE /* Weather SatTests.xctest */;
			productType = "com.apple.product-type.bundle.unit-test";
		};
		3EAF3F4E2EB5773600E559DE /* Weather SatUITests */ = {
			isa = PBXNativeTarget;
			buildConfigurationList = 3EAF3F5F2EB5773600E559DE /* Build configuration list for PBXNativeTarget "Weather SatUITests" */;
			buildPhases = (
				3EAF3F4B2EB5773600E559DE /* Sources */,
				3EAF3F4C2EB5773600E559DE /* Frameworks */,
				3EAF3F4D2EB5773600E559DE /* Resources */,
			);
			buildRules = (
			);
			dependencies = (
				3EAF3F512EB5773600E559DE /* PBXTargetDependency */,
			);
			fileSystemSynchronizedGroups = (
				3EAF3F522EB5773600E559DE /* Weather SatUITests */,
			);
			name = "Weather SatUITests";
			packageProductDependencies = (
			);
			productName = "Weather SatUITests";
			productReference = 3EAF3F4F2EB5773600E559DE /* Weather SatUITests.xctest */;
			productType = "com.apple.product-type.bundle.ui-testing";
		};
/* End PBXNativeTarget section */

/* Begin PBXProject section */
		3EAF3F2E2EB5773500E559DE /* Project object */ = {
			isa = PBXProject;
			attributes = {
				BuildIndependentTargetsInParallel = 1;
				LastSwiftUpdateCheck = 2600;
				LastUpgradeCheck = 2600;
				TargetAttributes = {
					3EAF3F352EB5773500E559DE = {
						CreatedOnToolsVersion = 26.0;
					};
					3EAF3F442EB5773600E559DE = {
						CreatedOnToolsVersion = 26.0;
						TestTargetID = 3EAF3F352EB5773500E559DE;
					};
					3EAF3F4E2EB5773600E559DE = {
						CreatedOnToolsVersion = 26.0;
						TestTargetID = 3EAF3F352EB5773500E559DE;
					};
				};
			};
			buildConfigurationList = 3EAF3F312EB5773500E559DE /* Build configuration list for PBXProject "Weather Sat" */;
			developmentRegion = en;
			hasScannedForEncodings = 0;
			knownRegions = (
				en,
				Base,
			);
			mainGroup = 3EAF3F2D2EB5773500E559DE;
			minimizedProjectReferenceProxies = 1;
			preferredProjectObjectVersion = 77;
			productRefGroup = 3EAF3F372EB5773500E559DE /* Products */;
			projectDirPath = "";
			projectRoot = "";
			targets = (
				3EAF3F352EB5773500E559DE /* Weather Sat */,
				3EAF3F442EB5773600E559DE /* Weather SatTests */,
				3EAF3F4E2EB5773600E559DE /* Weather SatUITests */,
			);
		};
/* End PBXProject section */

/* Begin PBXResourcesBuildPhase section */
		3EAF3F342EB5773500E559DE /* Resources */ = {
			isa = PBXResourcesBuildPhase;
			buildActionMask = 2147483647;
			files = (
				3EDD61FA2EC7DA6200B51A58 /* Cities_SwiffData.sqlite-wal in Resources */,
				3EDD61FB2EC7DA6200B51A58 /* Cities_SwiffData.sqlite in Resources */,
				3EDD61FC2EC7DA6200B51A58 /* Cities_SwiffData.sqlite-shm in Resources */,
				3EAF3F7A2EB5A89400E559DE /* Assets.xcassets in Resources */,
				3E956B142EC80402002E10DE /* ReadMe.rtf in Resources */,
				3EAF3F892EB5C0A800E559DE /* city.list.json in Resources */,
			);
			runOnlyForDeploymentPostprocessing = 0;
		};
		3EAF3F432EB5773600E559DE /* Resources */ = {
			isa = PBXResourcesBuildPhase;
			buildActionMask = 2147483647;
			files = (
				3E956B0B2EC80344002E10DE /* city.mock.data.json in Resources */,
			);
			runOnlyForDeploymentPostprocessing = 0;
		};
		3EAF3F4D2EB5773600E559DE /* Resources */ = {
			isa = PBXResourcesBuildPhase;
			buildActionMask = 2147483647;
			files = (
			);
			runOnlyForDeploymentPostprocessing = 0;
		};
/* End PBXResourcesBuildPhase section */

/* Begin PBXSourcesBuildPhase section */
		3EAF3F322EB5773500E559DE /* Sources */ = {
			isa = PBXSourcesBuildPhase;
			buildActionMask = 2147483647;
			files = (
				3EAF3F742EB5A89400E559DE /* WeatherObservationDTO.swift in Sources */,
				3EAF3F8D2EB5CB6A00E559DE /* CityDTO.swift in Sources */,
				3EB15A352EFB3CC300943E08 /* Favourite.swift in Sources */,
				3E956B322EC80541002E10DE /* CurrentWeather+Extension.swift in Sources */,
				3E956B332EC80541002E10DE /* CurrentWeatherView.swift in Sources */,
				3E956B1A2EC8049A002E10DE /* AddLocationSheet.swift in Sources */,
				3E3740362EB7EC7F001EA64F /* PropertyKeys.swift in Sources */,
				3EAF3F752EB5A89400E559DE /* WeatherResponseDTO.swift in Sources */,
				3EEA8BC12EC80CC000663BD6 /* OpenWeatherService.swift in Sources */,
				3E4AD7D72ED308C100C1DF14 /* AppSettingsManager.swift in Sources */,
				3EAF3F8B2EB5CB3E00E559DE /* City.swift in Sources */,
				3E956B3F2EC8055A002E10DE /* WeekWeather+Extension.swift in Sources */,
				3E956B402EC8055A002E10DE /* WeatherRowView.swift in Sources */,
				3E956B412EC8055A002E10DE /* WeatherRowView+Extension.swift in Sources */,
				3E956B452EC80596002E10DE /* URL+Extensions.swift in Sources */,
				3E956B462EC80596002E10DE /* Date+Extensions.swift in Sources */,
				3E956B422EC8055A002E10DE /* WeekWeatherView.swift in Sources */,
				3E956B4D2EC80670002E10DE /* AlertButton.swift in Sources */,
				3E956B382EC8054D002E10DE /* DayWeatherView.swift in Sources */,
				3E956B392EC8054D002E10DE /* DayWeather+Extension.swift in Sources */,
				3EAF3F762EB5A89400E559DE /* ContentView.swift in Sources */,
				3E81B9BA2EFF6010000A795F /* TitleRow+Extension.swift in Sources */,
				3E516B962EC0299C00B08571 /* ModelContext+Extensions.swift in Sources */,
				3EAF3F802EB5B54400E559DE /* WeatherObervation.swift in Sources */,
				3E956B522EC80689002E10DE /* TagButton.swift in Sources */,
				3E956B532EC80689002E10DE /* TitleRow.swift in Sources */,
				3E956B542EC80689002E10DE /* ToolBarButton.swift in Sources */,
				3E956B552EC80689002E10DE /* WeatherImageView.swift in Sources */,
				3EAF3F772EB5A89400E559DE /* DailyWeatherForecastDTO.swift in Sources */,
				3E3740342EB7EC08001EA64F /* CityDataController.swift in Sources */,
				3EAF3F7E2EB5A9A400E559DE /* LocationDTO.swift in Sources */,
				3E956B4B2EC8066C002E10DE /* APIKeyPromptSheet.swift in Sources */,
				3EAF3F792EB5A89400E559DE /* Weather_SatApp.swift in Sources */,
				3E956B2A2EC8050D002E10DE /* ForecastRowView.swift in Sources */,
				3E956B2B2EC8050D002E10DE /* ForecastView.swift in Sources */,
				3E956B2C2EC8050D002E10DE /* ForecastView+Extension.swift in Sources */,
				3E956B222EC804DC002E10DE /* AddLocationSheet+Extensions.swift in Sources */,
				3E956B232EC804DC002E10DE /* LocationsView.swift in Sources */,
				3E956B242EC804DC002E10DE /* AddCitieRowView.swift in Sources */,
				3E956B252EC804DC002E10DE /* LocationsView+Extension.swift in Sources */,
				3E956B492EC80643002E10DE /* Shimmer.swift in Sources */,
				3E956B262EC804DC002E10DE /* LocationRowView.swift in Sources */,
				3E956B172EC8045F002E10DE /* Data+Extensions.swift in Sources */,
				3E956B182EC8045F002E10DE /* Color+Extensions.swift in Sources */,
				3E956B122EC803C4002E10DE /* KeyChainManager.swift in Sources */,
				3EAF3F842EB5B90400E559DE /* DailyWeatherForcast.swift in Sources */,
				3EAF3F822EB5B75600E559DE /* WeatherResponse.swift in Sources */,
				3EAF3F7C2EB5A8F700E559DE /* Location.swift in Sources */,
			);
			runOnlyForDeploymentPostprocessing = 0;
		};
		3EAF3F412EB5773600E559DE /* Sources */ = {
			isa = PBXSourcesBuildPhase;
			buildActionMask = 2147483647;
			files = (
				3E956B072EC80344002E10DE /* KeyChainManager+Extensions.swift in Sources */,
				3EB326F52F03353400E4C004 /* WeatherResponseTests.swift in Sources */,
				3EB326F32F032EF300E4C004 /* WeatherObservationTests.swift in Sources */,
				3E295E9D2F01D6EF008778CB /* DailyWeatherForcastTests.swift in Sources */,
				3EB326F12F03299700E4C004 /* LocationTests.swift in Sources */,
				3E956B082EC80344002E10DE /* CityDTOTests.swift in Sources */,
				3E295E9F2F01D8E3008778CB /* TestingUtilities.swift in Sources */,
				3EB326F72F0339A100E4C004 /* FavouriteTests.swift in Sources */,
				3E956B092EC80344002E10DE /* CityTests.swift in Sources */,
				3EE292752ED4E41300CA8C26 /* AppSettingsManagerTests.swift in Sources */,
				3E956B0A2EC80344002E10DE /* UnitTestUtilities.swift in Sources */,
			);
			runOnlyForDeploymentPostprocessing = 0;
		};
		3EAF3F4B2EB5773600E559DE /* Sources */ = {
			isa = PBXSourcesBuildPhase;
			buildActionMask = 2147483647;
			files = (
			);
			runOnlyForDeploymentPostprocessing = 0;
		};
/* End PBXSourcesBuildPhase section */

/* Begin PBXTargetDependency section */
		3EAF3F472EB5773600E559DE /* PBXTargetDependency */ = {
			isa = PBXTargetDependency;
			target = 3EAF3F352EB5773500E559DE /* Weather Sat */;
			targetProxy = 3EAF3F462EB5773600E559DE /* PBXContainerItemProxy */;
		};
		3EAF3F512EB5773600E559DE /* PBXTargetDependency */ = {
			isa = PBXTargetDependency;
			target = 3EAF3F352EB5773500E559DE /* Weather Sat */;
			targetProxy = 3EAF3F502EB5773600E559DE /* PBXContainerItemProxy */;
		};
/* End PBXTargetDependency section */

/* Begin XCBuildConfiguration section */
		3EAF3F572EB5773600E559DE /* Debug */ = {
			isa = XCBuildConfiguration;
			buildSettings = {
				ALWAYS_SEARCH_USER_PATHS = NO;
				ASSETCATALOG_COMPILER_GENERATE_SWIFT_ASSET_SYMBOL_EXTENSIONS = YES;
				CLANG_ANALYZER_NONNULL = YES;
				CLANG_ANALYZER_NUMBER_OBJECT_CONVERSION = YES_AGGRESSIVE;
				CLANG_CXX_LANGUAGE_STANDARD = "gnu++20";
				CLANG_ENABLE_MODULES = YES;
				CLANG_ENABLE_OBJC_ARC = YES;
				CLANG_ENABLE_OBJC_WEAK = YES;
				CLANG_WARN_BLOCK_CAPTURE_AUTORELEASING = YES;
				CLANG_WARN_BOOL_CONVERSION = YES;
				CLANG_WARN_COMMA = YES;
				CLANG_WARN_CONSTANT_CONVERSION = YES;
				CLANG_WARN_DEPRECATED_OBJC_IMPLEMENTATIONS = YES;
				CLANG_WARN_DIRECT_OBJC_ISA_USAGE = YES_ERROR;
				CLANG_WARN_DOCUMENTATION_COMMENTS = YES;
				CLANG_WARN_EMPTY_BODY = YES;
				CLANG_WARN_ENUM_CONVERSION = YES;
				CLANG_WARN_INFINITE_RECURSION = YES;
				CLANG_WARN_INT_CONVERSION = YES;
				CLANG_WARN_NON_LITERAL_NULL_CONVERSION = YES;
				CLANG_WARN_OBJC_IMPLICIT_RETAIN_SELF = YES;
				CLANG_WARN_OBJC_LITERAL_CONVERSION = YES;
				CLANG_WARN_OBJC_ROOT_CLASS = YES_ERROR;
				CLANG_WARN_QUOTED_INCLUDE_IN_FRAMEWORK_HEADER = YES;
				CLANG_WARN_RANGE_LOOP_ANALYSIS = YES;
				CLANG_WARN_STRICT_PROTOTYPES = YES;
				CLANG_WARN_SUSPICIOUS_MOVE = YES;
				CLANG_WARN_UNGUARDED_AVAILABILITY = YES_AGGRESSIVE;
				CLANG_WARN_UNREACHABLE_CODE = YES;
				CLANG_WARN__DUPLICATE_METHOD_MATCH = YES;
				COPY_PHASE_STRIP = NO;
				DEBUG_INFORMATION_FORMAT = dwarf;
				DEVELOPMENT_TEAM = EDSAY3S5YY;
				ENABLE_STRICT_OBJC_MSGSEND = YES;
				ENABLE_TESTABILITY = YES;
				ENABLE_USER_SCRIPT_SANDBOXING = YES;
				GCC_C_LANGUAGE_STANDARD = gnu17;
				GCC_DYNAMIC_NO_PIC = NO;
				GCC_NO_COMMON_BLOCKS = YES;
				GCC_OPTIMIZATION_LEVEL = 0;
				GCC_PREPROCESSOR_DEFINITIONS = (
					"DEBUG=1",
					"$(inherited)",
				);
				GCC_WARN_64_TO_32_BIT_CONVERSION = YES;
				GCC_WARN_ABOUT_RETURN_TYPE = YES_ERROR;
				GCC_WARN_UNDECLARED_SELECTOR = YES;
				GCC_WARN_UNINITIALIZED_AUTOS = YES_AGGRESSIVE;
				GCC_WARN_UNUSED_FUNCTION = YES;
				GCC_WARN_UNUSED_VARIABLE = YES;
				IPHONEOS_DEPLOYMENT_TARGET = 26.0;
				LOCALIZATION_PREFERS_STRING_CATALOGS = YES;
				MTL_ENABLE_DEBUG_INFO = INCLUDE_SOURCE;
				MTL_FAST_MATH = YES;
				ONLY_ACTIVE_ARCH = YES;
				SDKROOT = iphoneos;
				SWIFT_ACTIVE_COMPILATION_CONDITIONS = "DEBUG $(inherited)";
				SWIFT_OPTIMIZATION_LEVEL = "-Onone";
			};
			name = Debug;
		};
		3EAF3F582EB5773600E559DE /* Release */ = {
			isa = XCBuildConfiguration;
			buildSettings = {
				ALWAYS_SEARCH_USER_PATHS = NO;
				ASSETCATALOG_COMPILER_GENERATE_SWIFT_ASSET_SYMBOL_EXTENSIONS = YES;
				CLANG_ANALYZER_NONNULL = YES;
				CLANG_ANALYZER_NUMBER_OBJECT_CONVERSION = YES_AGGRESSIVE;
				CLANG_CXX_LANGUAGE_STANDARD = "gnu++20";
				CLANG_ENABLE_MODULES = YES;
				CLANG_ENABLE_OBJC_ARC = YES;
				CLANG_ENABLE_OBJC_WEAK = YES;
				CLANG_WARN_BLOCK_CAPTURE_AUTORELEASING = YES;
				CLANG_WARN_BOOL_CONVERSION = YES;
				CLANG_WARN_COMMA = YES;
				CLANG_WARN_CONSTANT_CONVERSION = YES;
				CLANG_WARN_DEPRECATED_OBJC_IMPLEMENTATIONS = YES;
				CLANG_WARN_DIRECT_OBJC_ISA_USAGE = YES_ERROR;
				CLANG_WARN_DOCUMENTATION_COMMENTS = YES;
				CLANG_WARN_EMPTY_BODY = YES;
				CLANG_WARN_ENUM_CONVERSION = YES;
				CLANG_WARN_INFINITE_RECURSION = YES;
				CLANG_WARN_INT_CONVERSION = YES;
				CLANG_WARN_NON_LITERAL_NULL_CONVERSION = YES;
				CLANG_WARN_OBJC_IMPLICIT_RETAIN_SELF = YES;
				CLANG_WARN_OBJC_LITERAL_CONVERSION = YES;
				CLANG_WARN_OBJC_ROOT_CLASS = YES_ERROR;
				CLANG_WARN_QUOTED_INCLUDE_IN_FRAMEWORK_HEADER = YES;
				CLANG_WARN_RANGE_LOOP_ANALYSIS = YES;
				CLANG_WARN_STRICT_PROTOTYPES = YES;
				CLANG_WARN_SUSPICIOUS_MOVE = YES;
				CLANG_WARN_UNGUARDED_AVAILABILITY = YES_AGGRESSIVE;
				CLANG_WARN_UNREACHABLE_CODE = YES;
				CLANG_WARN__DUPLICATE_METHOD_MATCH = YES;
				COPY_PHASE_STRIP = NO;
				DEBUG_INFORMATION_FORMAT = "dwarf-with-dsym";
				DEVELOPMENT_TEAM = EDSAY3S5YY;
				ENABLE_NS_ASSERTIONS = NO;
				ENABLE_STRICT_OBJC_MSGSEND = YES;
				ENABLE_USER_SCRIPT_SANDBOXING = YES;
				GCC_C_LANGUAGE_STANDARD = gnu17;
				GCC_NO_COMMON_BLOCKS = YES;
				GCC_WARN_64_TO_32_BIT_CONVERSION = YES;
				GCC_WARN_ABOUT_RETURN_TYPE = YES_ERROR;
				GCC_WARN_UNDECLARED_SELECTOR = YES;
				GCC_WARN_UNINITIALIZED_AUTOS = YES_AGGRESSIVE;
				GCC_WARN_UNUSED_FUNCTION = YES;
				GCC_WARN_UNUSED_VARIABLE = YES;
				IPHONEOS_DEPLOYMENT_TARGET = 26.0;
				LOCALIZATION_PREFERS_STRING_CATALOGS = YES;
				MTL_ENABLE_DEBUG_INFO = NO;
				MTL_FAST_MATH = YES;
				SDKROOT = iphoneos;
				SWIFT_COMPILATION_MODE = wholemodule;
				VALIDATE_PRODUCT = YES;
			};
			name = Release;
		};
		3EAF3F5A2EB5773600E559DE /* Debug */ = {
			isa = XCBuildConfiguration;
			buildSettings = {
				ASSETCATALOG_COMPILER_APPICON_NAME = AppIcon;
				ASSETCATALOG_COMPILER_GLOBAL_ACCENT_COLOR_NAME = AccentColor;
				CODE_SIGN_STYLE = Automatic;
				CURRENT_PROJECT_VERSION = 1;
				DEVELOPMENT_TEAM = EDSAY3S5YY;
				ENABLE_PREVIEWS = YES;
				GENERATE_INFOPLIST_FILE = YES;
				INFOPLIST_KEY_UIApplicationSceneManifest_Generation = YES;
				INFOPLIST_KEY_UIApplicationSupportsIndirectInputEvents = YES;
				INFOPLIST_KEY_UILaunchScreen_Generation = YES;
				INFOPLIST_KEY_UISupportedInterfaceOrientations_iPad = "UIInterfaceOrientationPortrait UIInterfaceOrientationPortraitUpsideDown UIInterfaceOrientationLandscapeLeft UIInterfaceOrientationLandscapeRight";
				INFOPLIST_KEY_UISupportedInterfaceOrientations_iPhone = "UIInterfaceOrientationPortrait UIInterfaceOrientationLandscapeLeft UIInterfaceOrientationLandscapeRight";
				LD_RUNPATH_SEARCH_PATHS = (
					"$(inherited)",
					"@executable_path/Frameworks",
				);
				MARKETING_VERSION = 1.0;
				PRODUCT_BUNDLE_IDENTIFIER = "com.xercisepro.Weather-Sat";
				PRODUCT_NAME = "$(TARGET_NAME)";
				STRING_CATALOG_GENERATE_SYMBOLS = YES;
				SWIFT_APPROACHABLE_CONCURRENCY = YES;
				SWIFT_DEFAULT_ACTOR_ISOLATION = MainActor;
				SWIFT_EMIT_LOC_STRINGS = YES;
				SWIFT_UPCOMING_FEATURE_MEMBER_IMPORT_VISIBILITY = YES;
				SWIFT_VERSION = 5.0;
				TARGETED_DEVICE_FAMILY = "1,2";
			};
			name = Debug;
		};
		3EAF3F5B2EB5773600E559DE /* Release */ = {
			isa = XCBuildConfiguration;
			buildSettings = {
				ASSETCATALOG_COMPILER_APPICON_NAME = AppIcon;
				ASSETCATALOG_COMPILER_GLOBAL_ACCENT_COLOR_NAME = AccentColor;
				CODE_SIGN_STYLE = Automatic;
				CURRENT_PROJECT_VERSION = 1;
				DEVELOPMENT_TEAM = EDSAY3S5YY;
				ENABLE_PREVIEWS = YES;
				GENERATE_INFOPLIST_FILE = YES;
				INFOPLIST_KEY_UIApplicationSceneManifest_Generation = YES;
				INFOPLIST_KEY_UIApplicationSupportsIndirectInputEvents = YES;
				INFOPLIST_KEY_UILaunchScreen_Generation = YES;
				INFOPLIST_KEY_UISupportedInterfaceOrientations_iPad = "UIInterfaceOrientationPortrait UIInterfaceOrientationPortraitUpsideDown UIInterfaceOrientationLandscapeLeft UIInterfaceOrientationLandscapeRight";
				INFOPLIST_KEY_UISupportedInterfaceOrientations_iPhone = "UIInterfaceOrientationPortrait UIInterfaceOrientationLandscapeLeft UIInterfaceOrientationLandscapeRight";
				LD_RUNPATH_SEARCH_PATHS = (
					"$(inherited)",
					"@executable_path/Frameworks",
				);
				MARKETING_VERSION = 1.0;
				PRODUCT_BUNDLE_IDENTIFIER = "com.xercisepro.Weather-Sat";
				PRODUCT_NAME = "$(TARGET_NAME)";
				STRING_CATALOG_GENERATE_SYMBOLS = YES;
				SWIFT_APPROACHABLE_CONCURRENCY = YES;
				SWIFT_DEFAULT_ACTOR_ISOLATION = MainActor;
				SWIFT_EMIT_LOC_STRINGS = YES;
				SWIFT_UPCOMING_FEATURE_MEMBER_IMPORT_VISIBILITY = YES;
				SWIFT_VERSION = 5.0;
				TARGETED_DEVICE_FAMILY = "1,2";
			};
			name = Release;
		};
		3EAF3F5D2EB5773600E559DE /* Debug */ = {
			isa = XCBuildConfiguration;
			buildSettings = {
				BUNDLE_LOADER = "$(TEST_HOST)";
				CODE_SIGN_STYLE = Automatic;
				CURRENT_PROJECT_VERSION = 1;
				DEVELOPMENT_TEAM = EDSAY3S5YY;
				GENERATE_INFOPLIST_FILE = YES;
				IPHONEOS_DEPLOYMENT_TARGET = 26.0;
				MARKETING_VERSION = 1.0;
				PRODUCT_BUNDLE_IDENTIFIER = "com.xercisepro.Weather-SatTests";
				PRODUCT_NAME = "$(TARGET_NAME)";
				STRING_CATALOG_GENERATE_SYMBOLS = NO;
				SWIFT_APPROACHABLE_CONCURRENCY = YES;
				SWIFT_EMIT_LOC_STRINGS = NO;
				SWIFT_UPCOMING_FEATURE_MEMBER_IMPORT_VISIBILITY = YES;
				SWIFT_VERSION = 5.0;
				TARGETED_DEVICE_FAMILY = "1,2";
				TEST_HOST = "$(BUILT_PRODUCTS_DIR)/Weather Sat.app/$(BUNDLE_EXECUTABLE_FOLDER_PATH)/Weather Sat";
			};
			name = Debug;
		};
		3EAF3F5E2EB5773600E559DE /* Release */ = {
			isa = XCBuildConfiguration;
			buildSettings = {
				BUNDLE_LOADER = "$(TEST_HOST)";
				CODE_SIGN_STYLE = Automatic;
				CURRENT_PROJECT_VERSION = 1;
				DEVELOPMENT_TEAM = EDSAY3S5YY;
				GENERATE_INFOPLIST_FILE = YES;
				IPHONEOS_DEPLOYMENT_TARGET = 26.0;
				MARKETING_VERSION = 1.0;
				PRODUCT_BUNDLE_IDENTIFIER = "com.xercisepro.Weather-SatTests";
				PRODUCT_NAME = "$(TARGET_NAME)";
				STRING_CATALOG_GENERATE_SYMBOLS = NO;
				SWIFT_APPROACHABLE_CONCURRENCY = YES;
				SWIFT_EMIT_LOC_STRINGS = NO;
				SWIFT_UPCOMING_FEATURE_MEMBER_IMPORT_VISIBILITY = YES;
				SWIFT_VERSION = 5.0;
				TARGETED_DEVICE_FAMILY = "1,2";
				TEST_HOST = "$(BUILT_PRODUCTS_DIR)/Weather Sat.app/$(BUNDLE_EXECUTABLE_FOLDER_PATH)/Weather Sat";
			};
			name = Release;
		};
		3EAF3F602EB5773600E559DE /* Debug */ = {
			isa = XCBuildConfiguration;
			buildSettings = {
				CODE_SIGN_STYLE = Automatic;
				CURRENT_PROJECT_VERSION = 1;
				DEVELOPMENT_TEAM = EDSAY3S5YY;
				GENERATE_INFOPLIST_FILE = YES;
				MARKETING_VERSION = 1.0;
				PRODUCT_BUNDLE_IDENTIFIER = "com.xercisepro.Weather-SatUITests";
				PRODUCT_NAME = "$(TARGET_NAME)";
				STRING_CATALOG_GENERATE_SYMBOLS = NO;
				SWIFT_APPROACHABLE_CONCURRENCY = YES;
				SWIFT_EMIT_LOC_STRINGS = NO;
				SWIFT_UPCOMING_FEATURE_MEMBER_IMPORT_VISIBILITY = YES;
				SWIFT_VERSION = 5.0;
				TARGETED_DEVICE_FAMILY = "1,2";
				TEST_TARGET_NAME = "Weather Sat";
			};
			name = Debug;
		};
		3EAF3F612EB5773600E559DE /* Release */ = {
			isa = XCBuildConfiguration;
			buildSettings = {
				CODE_SIGN_STYLE = Automatic;
				CURRENT_PROJECT_VERSION = 1;
				DEVELOPMENT_TEAM = EDSAY3S5YY;
				GENERATE_INFOPLIST_FILE = YES;
				MARKETING_VERSION = 1.0;
				PRODUCT_BUNDLE_IDENTIFIER = "com.xercisepro.Weather-SatUITests";
				PRODUCT_NAME = "$(TARGET_NAME)";
				STRING_CATALOG_GENERATE_SYMBOLS = NO;
				SWIFT_APPROACHABLE_CONCURRENCY = YES;
				SWIFT_EMIT_LOC_STRINGS = NO;
				SWIFT_UPCOMING_FEATURE_MEMBER_IMPORT_VISIBILITY = YES;
				SWIFT_VERSION = 5.0;
				TARGETED_DEVICE_FAMILY = "1,2";
				TEST_TARGET_NAME = "Weather Sat";
			};
			name = Release;
		};
/* End XCBuildConfiguration section */

/* Begin XCConfigurationList section */
		3EAF3F312EB5773500E559DE /* Build configuration list for PBXProject "Weather Sat" */ = {
			isa = XCConfigurationList;
			buildConfigurations = (
				3EAF3F572EB5773600E559DE /* Debug */,
				3EAF3F582EB5773600E559DE /* Release */,
			);
			defaultConfigurationIsVisible = 0;
			defaultConfigurationName = Release;
		};
		3EAF3F592EB5773600E559DE /* Build configuration list for PBXNativeTarget "Weather Sat" */ = {
			isa = XCConfigurationList;
			buildConfigurations = (
				3EAF3F5A2EB5773600E559DE /* Debug */,
				3EAF3F5B2EB5773600E559DE /* Release */,
			);
			defaultConfigurationIsVisible = 0;
			defaultConfigurationName = Release;
		};
		3EAF3F5C2EB5773600E559DE /* Build configuration list for PBXNativeTarget "Weather SatTests" */ = {
			isa = XCConfigurationList;
			buildConfigurations = (
				3EAF3F5D2EB5773600E559DE /* Debug */,
				3EAF3F5E2EB5773600E559DE /* Release */,
			);
			defaultConfigurationIsVisible = 0;
			defaultConfigurationName = Release;
		};
		3EAF3F5F2EB5773600E559DE /* Build configuration list for PBXNativeTarget "Weather SatUITests" */ = {
			isa = XCConfigurationList;
			buildConfigurations = (
				3EAF3F602EB5773600E559DE /* Debug */,
				3EAF3F612EB5773600E559DE /* Release */,
			);
			defaultConfigurationIsVisible = 0;
			defaultConfigurationName = Release;
		};
/* End XCConfigurationList section */
	};
	rootObject = 3EAF3F2E2EB5773500E559DE /* Project object */;
}
