// !$*UTF8*$!
{
	archiveVersion = 1;
	classes = {
	};
	objectVersion = 55;
	objects = {

/* Begin PBXBuildFile section */
		3E906D45289E8D71001AA51D /* AppDelegate.swift in Sources */ = {isa = PBXBuildFile; fileRef = 3E906D44289E8D71001AA51D /* AppDelegate.swift */; };
		3E906D47289E8D71001AA51D /* SceneDelegate.swift in Sources */ = {isa = PBXBuildFile; fileRef = 3E906D46289E8D71001AA51D /* SceneDelegate.swift */; };
		3E906D49289E8D71001AA51D /* ClueyViewController.swift in Sources */ = {isa = PBXBuildFile; fileRef = 3E906D48289E8D71001AA51D /* ClueyViewController.swift */; };
		3E906D4C289E8D71001AA51D /* Main.storyboard in Resources */ = {isa = PBXBuildFile; fileRef = 3E906D4A289E8D71001AA51D /* Main.storyboard */; };
		3E906D4E289E8D73001AA51D /* Assets.xcassets in Resources */ = {isa = PBXBuildFile; fileRef = 3E906D4D289E8D73001AA51D /* Assets.xcassets */; };
		3E906D51289E8D73001AA51D /* LaunchScreen.storyboard in Resources */ = {isa = PBXBuildFile; fileRef = 3E906D4F289E8D73001AA51D /* LaunchScreen.storyboard */; };
		3EF8056F289F652D00C454B6 /* ResquestController.swift in Sources */ = {isa = PBXBuildFile; fileRef = 3EF8056E289F652D00C454B6 /* ResquestController.swift */; };
		3EF80571289F67FC00C454B6 /* QuizData.swift in Sources */ = {isa = PBXBuildFile; fileRef = 3EF80570289F67FC00C454B6 /* QuizData.swift */; };
		3EF805A0289FB09100C454B6 /* Question.swift in Sources */ = {isa = PBXBuildFile; fileRef = 3EF8059F289FB09100C454B6 /* Question.swift */; };
		3EF805A2289FCA8700C454B6 /* Controller+Helper.swift in Sources */ = {isa = PBXBuildFile; fileRef = 3EF805A1289FCA8700C454B6 /* Controller+Helper.swift */; };
		3EF805A4289FE35900C454B6 /* ResultViewController.swift in Sources */ = {isa = PBXBuildFile; fileRef = 3EF805A3289FE35900C454B6 /* ResultViewController.swift */; };
		3EF805A828A010B100C454B6 /* QuizController.swift in Sources */ = {isa = PBXBuildFile; fileRef = 3EF805A728A010B100C454B6 /* QuizController.swift */; };
/* End PBXBuildFile section */

/* Begin PBXFileReference section */
		3E906D41289E8D71001AA51D /* Cluey.app */ = {isa = PBXFileReference; explicitFileType = wrapper.application; includeInIndex = 0; path = Cluey.app; sourceTree = BUILT_PRODUCTS_DIR; };
		3E906D44289E8D71001AA51D /* AppDelegate.swift */ = {isa = PBXFileReference; lastKnownFileType = sourcecode.swift; path = AppDelegate.swift; sourceTree = "<group>"; };
		3E906D46289E8D71001AA51D /* SceneDelegate.swift */ = {isa = PBXFileReference; lastKnownFileType = sourcecode.swift; path = SceneDelegate.swift; sourceTree = "<group>"; };
		3E906D48289E8D71001AA51D /* ClueyViewController.swift */ = {isa = PBXFileReference; lastKnownFileType = sourcecode.swift; path = ClueyViewController.swift; sourceTree = "<group>"; };
		3E906D4B289E8D71001AA51D /* Base */ = {isa = PBXFileReference; lastKnownFileType = file.storyboard; name = Base; path = Base.lproj/Main.storyboard; sourceTree = "<group>"; };
		3E906D4D289E8D73001AA51D /* Assets.xcassets */ = {isa = PBXFileReference; lastKnownFileType = folder.assetcatalog; path = Assets.xcassets; sourceTree = "<group>"; };
		3E906D50289E8D73001AA51D /* Base */ = {isa = PBXFileReference; lastKnownFileType = file.storyboard; name = Base; path = Base.lproj/LaunchScreen.storyboard; sourceTree = "<group>"; };
		3E906D52289E8D73001AA51D /* Info.plist */ = {isa = PBXFileReference; lastKnownFileType = text.plist.xml; path = Info.plist; sourceTree = "<group>"; };
		3EF8056E289F652D00C454B6 /* ResquestController.swift */ = {isa = PBXFileReference; lastKnownFileType = sourcecode.swift; path = ResquestController.swift; sourceTree = "<group>"; };
		3EF80570289F67FC00C454B6 /* QuizData.swift */ = {isa = PBXFileReference; lastKnownFileType = sourcecode.swift; path = QuizData.swift; sourceTree = "<group>"; };
		3EF8059F289FB09100C454B6 /* Question.swift */ = {isa = PBXFileReference; lastKnownFileType = sourcecode.swift; path = Question.swift; sourceTree = "<group>"; };
		3EF805A1289FCA8700C454B6 /* Controller+Helper.swift */ = {isa = PBXFileReference; lastKnownFileType = sourcecode.swift; path = "Controller+Helper.swift"; sourceTree = "<group>"; };
		3EF805A3289FE35900C454B6 /* ResultViewController.swift */ = {isa = PBXFileReference; lastKnownFileType = sourcecode.swift; path = ResultViewController.swift; sourceTree = "<group>"; };
		3EF805A728A010B100C454B6 /* QuizController.swift */ = {isa = PBXFileReference; lastKnownFileType = sourcecode.swift; path = QuizController.swift; sourceTree = "<group>"; };
/* End PBXFileReference section */

/* Begin PBXFrameworksBuildPhase section */
		3E906D3E289E8D71001AA51D /* Frameworks */ = {
			isa = PBXFrameworksBuildPhase;
			buildActionMask = 2147483647;
			files = (
			);
			runOnlyForDeploymentPostprocessing = 0;
		};
/* End PBXFrameworksBuildPhase section */

/* Begin PBXGroup section */
		3E906D38289E8D71001AA51D = {
			isa = PBXGroup;
			children = (
				3E906D43289E8D71001AA51D /* Cluey */,
				3E906D42289E8D71001AA51D /* Products */,
			);
			sourceTree = "<group>";
		};
		3E906D42289E8D71001AA51D /* Products */ = {
			isa = PBXGroup;
			children = (
				3E906D41289E8D71001AA51D /* Cluey.app */,
			);
			name = Products;
			sourceTree = "<group>";
		};
		3E906D43289E8D71001AA51D /* Cluey */ = {
			isa = PBXGroup;
			children = (
				3E906D44289E8D71001AA51D /* AppDelegate.swift */,
				3E906D46289E8D71001AA51D /* SceneDelegate.swift */,
				3EF8056D289F650100C454B6 /* Model */,
				3E906D5B289E942B001AA51D /* Controllers */,
				3E906D5C289E944D001AA51D /* Views */,
				3E906D4D289E8D73001AA51D /* Assets.xcassets */,
				3E906D52289E8D73001AA51D /* Info.plist */,
			);
			path = Cluey;
			sourceTree = "<group>";
		};
		3E906D5B289E942B001AA51D /* Controllers */ = {
			isa = PBXGroup;
			children = (
				3E906D48289E8D71001AA51D /* ClueyViewController.swift */,
				3EF805A3289FE35900C454B6 /* ResultViewController.swift */,
				3EF8056E289F652D00C454B6 /* ResquestController.swift */,
				3EF805A1289FCA8700C454B6 /* Controller+Helper.swift */,
			);
			path = Controllers;
			sourceTree = "<group>";
		};
		3E906D5C289E944D001AA51D /* Views */ = {
			isa = PBXGroup;
			children = (
				3E906D4A289E8D71001AA51D /* Main.storyboard */,
				3E906D4F289E8D73001AA51D /* LaunchScreen.storyboard */,
			);
			path = Views;
			sourceTree = "<group>";
		};
		3EF8056D289F650100C454B6 /* Model */ = {
			isa = PBXGroup;
			children = (
				3EF805A728A010B100C454B6 /* QuizController.swift */,
				3EF80570289F67FC00C454B6 /* QuizData.swift */,
				3EF8059F289FB09100C454B6 /* Question.swift */,
			);
			path = Model;
			sourceTree = "<group>";
		};
/* End PBXGroup section */

/* Begin PBXNativeTarget section */
		3E906D40289E8D71001AA51D /* Cluey */ = {
			isa = PBXNativeTarget;
			buildConfigurationList = 3E906D55289E8D73001AA51D /* Build configuration list for PBXNativeTarget "Cluey" */;
			buildPhases = (
				3E906D3D289E8D71001AA51D /* Sources */,
				3E906D3E289E8D71001AA51D /* Frameworks */,
				3E906D3F289E8D71001AA51D /* Resources */,
			);
			buildRules = (
			);
			dependencies = (
			);
			name = Cluey;
			packageProductDependencies = (
			);
			productName = Cluey;
			productReference = 3E906D41289E8D71001AA51D /* Cluey.app */;
			productType = "com.apple.product-type.application";
		};
/* End PBXNativeTarget section */

/* Begin PBXProject section */
		3E906D39289E8D71001AA51D /* Project object */ = {
			isa = PBXProject;
			attributes = {
				BuildIndependentTargetsInParallel = 1;
				LastSwiftUpdateCheck = 1340;
				LastUpgradeCheck = 1340;
				TargetAttributes = {
					3E906D40289E8D71001AA51D = {
						CreatedOnToolsVersion = 13.4.1;
					};
				};
			};
			buildConfigurationList = 3E906D3C289E8D71001AA51D /* Build configuration list for PBXProject "Cluey" */;
			compatibilityVersion = "Xcode 13.0";
			developmentRegion = en;
			hasScannedForEncodings = 0;
			knownRegions = (
				en,
				Base,
			);
			mainGroup = 3E906D38289E8D71001AA51D;
			packageReferences = (
			);
			productRefGroup = 3E906D42289E8D71001AA51D /* Products */;
			projectDirPath = "";
			projectRoot = "";
			targets = (
				3E906D40289E8D71001AA51D /* Cluey */,
			);
		};
/* End PBXProject section */

/* Begin PBXResourcesBuildPhase section */
		3E906D3F289E8D71001AA51D /* Resources */ = {
			isa = PBXResourcesBuildPhase;
			buildActionMask = 2147483647;
			files = (
				3E906D51289E8D73001AA51D /* LaunchScreen.storyboard in Resources */,
				3E906D4E289E8D73001AA51D /* Assets.xcassets in Resources */,
				3E906D4C289E8D71001AA51D /* Main.storyboard in Resources */,
			);
			runOnlyForDeploymentPostprocessing = 0;
		};
/* End PBXResourcesBuildPhase section */

/* Begin PBXSourcesBuildPhase section */
		3E906D3D289E8D71001AA51D /* Sources */ = {
			isa = PBXSourcesBuildPhase;
			buildActionMask = 2147483647;
			files = (
				3EF80571289F67FC00C454B6 /* QuizData.swift in Sources */,
				3E906D49289E8D71001AA51D /* ClueyViewController.swift in Sources */,
				3EF805A828A010B100C454B6 /* QuizController.swift in Sources */,
				3E906D45289E8D71001AA51D /* AppDelegate.swift in Sources */,
				3EF805A4289FE35900C454B6 /* ResultViewController.swift in Sources */,
				3EF805A0289FB09100C454B6 /* Question.swift in Sources */,
				3EF805A2289FCA8700C454B6 /* Controller+Helper.swift in Sources */,
				3EF8056F289F652D00C454B6 /* ResquestController.swift in Sources */,
				3E906D47289E8D71001AA51D /* SceneDelegate.swift in Sources */,
			);
			runOnlyForDeploymentPostprocessing = 0;
		};
/* End PBXSourcesBuildPhase section */

/* Begin PBXVariantGroup section */
		3E906D4A289E8D71001AA51D /* Main.storyboard */ = {
			isa = PBXVariantGroup;
			children = (
				3E906D4B289E8D71001AA51D /* Base */,
			);
			name = Main.storyboard;
			sourceTree = "<group>";
		};
		3E906D4F289E8D73001AA51D /* LaunchScreen.storyboard */ = {
			isa = PBXVariantGroup;
			children = (
				3E906D50289E8D73001AA51D /* Base */,
			);
			name = LaunchScreen.storyboard;
			sourceTree = "<group>";
		};
/* End PBXVariantGroup section */

/* Begin XCBuildConfiguration section */
		3E906D53289E8D73001AA51D /* Debug */ = {
			isa = XCBuildConfiguration;
			buildSettings = {
				ALWAYS_SEARCH_USER_PATHS = NO;
				CLANG_ANALYZER_NONNULL = YES;
				CLANG_ANALYZER_NUMBER_OBJECT_CONVERSION = YES_AGGRESSIVE;
				CLANG_CXX_LANGUAGE_STANDARD = "gnu++17";
				CLANG_ENABLE_MODULES = YES;
				CLANG_ENABLE_OBJC_ARC = YES;
				CLANG_ENABLE_OBJC_WEAK = YES;
				CLANG_WARN_BLOCK_CAPTURE_AUTORELEASING = YES;
				CLANG_WARN_BOOL_CONVERSION = YES;
				CLANG_WARN_COMMA = YES;
				CLANG_WARN_CONSTANT_CONVERSION = YES;
				CLANG_WARN_DEPRECATED_OBJC_IMPLEMENTATIONS = YES;
				CLANG_WARN_DIRECT_OBJC_ISA_USAGE = YES_ERROR;
				CLANG_WARN_DOCUMENTATION_COMMENTS = YES;
				CLANG_WARN_EMPTY_BODY = YES;
				CLANG_WARN_ENUM_CONVERSION = YES;
				CLANG_WARN_INFINITE_RECURSION = YES;
				CLANG_WARN_INT_CONVERSION = YES;
				CLANG_WARN_NON_LITERAL_NULL_CONVERSION = YES;
				CLANG_WARN_OBJC_IMPLICIT_RETAIN_SELF = YES;
				CLANG_WARN_OBJC_LITERAL_CONVERSION = YES;
				CLANG_WARN_OBJC_ROOT_CLASS = YES_ERROR;
				CLANG_WARN_QUOTED_INCLUDE_IN_FRAMEWORK_HEADER = YES;
				CLANG_WARN_RANGE_LOOP_ANALYSIS = YES;
				CLANG_WARN_STRICT_PROTOTYPES = YES;
				CLANG_WARN_SUSPICIOUS_MOVE = YES;
				CLANG_WARN_UNGUARDED_AVAILABILITY = YES_AGGRESSIVE;
				CLANG_WARN_UNREACHABLE_CODE = YES;
				CLANG_WARN__DUPLICATE_METHOD_MATCH = YES;
				COPY_PHASE_STRIP = NO;
				DEBUG_INFORMATION_FORMAT = dwarf;
				ENABLE_STRICT_OBJC_MSGSEND = YES;
				ENABLE_TESTABILITY = YES;
				GCC_C_LANGUAGE_STANDARD = gnu11;
				GCC_DYNAMIC_NO_PIC = NO;
				GCC_NO_COMMON_BLOCKS = YES;
				GCC_OPTIMIZATION_LEVEL = 0;
				GCC_PREPROCESSOR_DEFINITIONS = (
					"DEBUG=1",
					"$(inherited)",
				);
				GCC_WARN_64_TO_32_BIT_CONVERSION = YES;
				GCC_WARN_ABOUT_RETURN_TYPE = YES_ERROR;
				GCC_WARN_UNDECLARED_SELECTOR = YES;
				GCC_WARN_UNINITIALIZED_AUTOS = YES_AGGRESSIVE;
				GCC_WARN_UNUSED_FUNCTION = YES;
				GCC_WARN_UNUSED_VARIABLE = YES;
				IPHONEOS_DEPLOYMENT_TARGET = 15.5;
				MTL_ENABLE_DEBUG_INFO = INCLUDE_SOURCE;
				MTL_FAST_MATH = YES;
				ONLY_ACTIVE_ARCH = YES;
				SDKROOT = iphoneos;
				SWIFT_ACTIVE_COMPILATION_CONDITIONS = DEBUG;
				SWIFT_OPTIMIZATION_LEVEL = "-Onone";
			};
			name = Debug;
		};
		3E906D54289E8D73001AA51D /* Release */ = {
			isa = XCBuildConfiguration;
			buildSettings = {
				ALWAYS_SEARCH_USER_PATHS = NO;
				CLANG_ANALYZER_NONNULL = YES;
				CLANG_ANALYZER_NUMBER_OBJECT_CONVERSION = YES_AGGRESSIVE;
				CLANG_CXX_LANGUAGE_STANDARD = "gnu++17";
				CLANG_ENABLE_MODULES = YES;
				CLANG_ENABLE_OBJC_ARC = YES;
				CLANG_ENABLE_OBJC_WEAK = YES;
				CLANG_WARN_BLOCK_CAPTURE_AUTORELEASING = YES;
				CLANG_WARN_BOOL_CONVERSION = YES;
				CLANG_WARN_COMMA = YES;
				CLANG_WARN_CONSTANT_CONVERSION = YES;
				CLANG_WARN_DEPRECATED_OBJC_IMPLEMENTATIONS = YES;
				CLANG_WARN_DIRECT_OBJC_ISA_USAGE = YES_ERROR;
				CLANG_WARN_DOCUMENTATION_COMMENTS = YES;
				CLANG_WARN_EMPTY_BODY = YES;
				CLANG_WARN_ENUM_CONVERSION = YES;
				CLANG_WARN_INFINITE_RECURSION = YES;
				CLANG_WARN_INT_CONVERSION = YES;
				CLANG_WARN_NON_LITERAL_NULL_CONVERSION = YES;
				CLANG_WARN_OBJC_IMPLICIT_RETAIN_SELF = YES;
				CLANG_WARN_OBJC_LITERAL_CONVERSION = YES;
				CLANG_WARN_OBJC_ROOT_CLASS = YES_ERROR;
				CLANG_WARN_QUOTED_INCLUDE_IN_FRAMEWORK_HEADER = YES;
				CLANG_WARN_RANGE_LOOP_ANALYSIS = YES;
				CLANG_WARN_STRICT_PROTOTYPES = YES;
				CLANG_WARN_SUSPICIOUS_MOVE = YES;
				CLANG_WARN_UNGUARDED_AVAILABILITY = YES_AGGRESSIVE;
				CLANG_WARN_UNREACHABLE_CODE = YES;
				CLANG_WARN__DUPLICATE_METHOD_MATCH = YES;
				COPY_PHASE_STRIP = NO;
				DEBUG_INFORMATION_FORMAT = "dwarf-with-dsym";
				ENABLE_NS_ASSERTIONS = NO;
				ENABLE_STRICT_OBJC_MSGSEND = YES;
				GCC_C_LANGUAGE_STANDARD = gnu11;
				GCC_NO_COMMON_BLOCKS = YES;
				GCC_WARN_64_TO_32_BIT_CONVERSION = YES;
				GCC_WARN_ABOUT_RETURN_TYPE = YES_ERROR;
				GCC_WARN_UNDECLARED_SELECTOR = YES;
				GCC_WARN_UNINITIALIZED_AUTOS = YES_AGGRESSIVE;
				GCC_WARN_UNUSED_FUNCTION = YES;
				GCC_WARN_UNUSED_VARIABLE = YES;
				IPHONEOS_DEPLOYMENT_TARGET = 15.5;
				MTL_ENABLE_DEBUG_INFO = NO;
				MTL_FAST_MATH = YES;
				SDKROOT = iphoneos;
				SWIFT_COMPILATION_MODE = wholemodule;
				SWIFT_OPTIMIZATION_LEVEL = "-O";
				VALIDATE_PRODUCT = YES;
			};
			name = Release;
		};
		3E906D56289E8D73001AA51D /* Debug */ = {
			isa = XCBuildConfiguration;
			buildSettings = {
				ASSETCATALOG_COMPILER_APPICON_NAME = AppIcon;
				ASSETCATALOG_COMPILER_GLOBAL_ACCENT_COLOR_NAME = AccentColor;
				CODE_SIGN_STYLE = Automatic;
				CURRENT_PROJECT_VERSION = 1;
				DEVELOPMENT_TEAM = EDSAY3S5YY;
				GENERATE_INFOPLIST_FILE = YES;
				INFOPLIST_FILE = Cluey/Info.plist;
				INFOPLIST_KEY_UIApplicationSupportsIndirectInputEvents = YES;
				INFOPLIST_KEY_UILaunchStoryboardName = LaunchScreen;
				INFOPLIST_KEY_UIMainStoryboardFile = Main;
				INFOPLIST_KEY_UISupportedInterfaceOrientations_iPad = "UIInterfaceOrientationPortrait UIInterfaceOrientationPortraitUpsideDown UIInterfaceOrientationLandscapeLeft UIInterfaceOrientationLandscapeRight";
				INFOPLIST_KEY_UISupportedInterfaceOrientations_iPhone = "UIInterfaceOrientationPortrait UIInterfaceOrientationLandscapeLeft UIInterfaceOrientationLandscapeRight";
				LD_RUNPATH_SEARCH_PATHS = (
					"$(inherited)",
					"@executable_path/Frameworks",
				);
				MARKETING_VERSION = 1.0;
				PRODUCT_BUNDLE_IDENTIFIER = com.xercisepro.Cluey;
				PRODUCT_NAME = "$(TARGET_NAME)";
				SWIFT_EMIT_LOC_STRINGS = YES;
				SWIFT_VERSION = 5.0;
				TARGETED_DEVICE_FAMILY = "1,2";
			};
			name = Debug;
		};
		3E906D57289E8D73001AA51D /* Release */ = {
			isa = XCBuildConfiguration;
			buildSettings = {
				ASSETCATALOG_COMPILER_APPICON_NAME = AppIcon;
				ASSETCATALOG_COMPILER_GLOBAL_ACCENT_COLOR_NAME = AccentColor;
				CODE_SIGN_STYLE = Automatic;
				CURRENT_PROJECT_VERSION = 1;
				DEVELOPMENT_TEAM = EDSAY3S5YY;
				GENERATE_INFOPLIST_FILE = YES;
				INFOPLIST_FILE = Cluey/Info.plist;
				INFOPLIST_KEY_UIApplicationSupportsIndirectInputEvents = YES;
				INFOPLIST_KEY_UILaunchStoryboardName = LaunchScreen;
				INFOPLIST_KEY_UIMainStoryboardFile = Main;
				INFOPLIST_KEY_UISupportedInterfaceOrientations_iPad = "UIInterfaceOrientationPortrait UIInterfaceOrientationPortraitUpsideDown UIInterfaceOrientationLandscapeLeft UIInterfaceOrientationLandscapeRight";
				INFOPLIST_KEY_UISupportedInterfaceOrientations_iPhone = "UIInterfaceOrientationPortrait UIInterfaceOrientationLandscapeLeft UIInterfaceOrientationLandscapeRight";
				LD_RUNPATH_SEARCH_PATHS = (
					"$(inherited)",
					"@executable_path/Frameworks",
				);
				MARKETING_VERSION = 1.0;
				PRODUCT_BUNDLE_IDENTIFIER = com.xercisepro.Cluey;
				PRODUCT_NAME = "$(TARGET_NAME)";
				SWIFT_EMIT_LOC_STRINGS = YES;
				SWIFT_VERSION = 5.0;
				TARGETED_DEVICE_FAMILY = "1,2";
			};
			name = Release;
		};
/* End XCBuildConfiguration section */

/* Begin XCConfigurationList section */
		3E906D3C289E8D71001AA51D /* Build configuration list for PBXProject "Cluey" */ = {
			isa = XCConfigurationList;
			buildConfigurations = (
				3E906D53289E8D73001AA51D /* Debug */,
				3E906D54289E8D73001AA51D /* Release */,
			);
			defaultConfigurationIsVisible = 0;
			defaultConfigurationName = Release;
		};
		3E906D55289E8D73001AA51D /* Build configuration list for PBXNativeTarget "Cluey" */ = {
			isa = XCConfigurationList;
			buildConfigurations = (
				3E906D56289E8D73001AA51D /* Debug */,
				3E906D57289E8D73001AA51D /* Release */,
			);
			defaultConfigurationIsVisible = 0;
			defaultConfigurationName = Release;
		};
/* End XCConfigurationList section */
	};
	rootObject = 3E906D39289E8D71001AA51D /* Project object */;
}
